
Microsoft Visual Studio Solution File, Format Version 12.00
# Visual Studio Version 17
VisualStudioVersion = 17.0.31903.59
MinimumVisualStudioVersion = 10.0.40219.1
Project("{2150E333-8FDC-42A3-9474-1A3956D46DE8}") = "src", "src", "{827E0CD3-B72D-47B6-A68D-7590B98EB39B}"
EndProject
Project("{FAE04EC0-301F-11D3-BF4B-00C04F79EFBC}") = "MedievalChess.Domain", "src\MedievalChess.Domain\MedievalChess.Domain.csproj", "{20B49F31-5651-4A8A-AF2D-F842AAE990B1}"
EndProject
Project("{FAE04EC0-301F-11D3-BF4B-00C04F79EFBC}") = "MedievalChess.Domain.Tests", "tests\MedievalChess.Domain.Tests\MedievalChess.Domain.Tests.csproj", "{9E342D11-C783-420A-B71B-8A46F34C86FE}"
EndProject
Project("{FAE04EC0-301F-11D3-BF4B-00C04F79EFBC}") = "MedievalChess.Api", "src\MedievalChess.Api\MedievalChess.Api.csproj", "{A0165494-2A35-4114-8901-0F094335CA9F}"
EndProject
Project("{FAE04EC0-301F-11D3-BF4B-00C04F79EFBC}") = "MedievalChess.Application", "src\MedievalChess.Application\MedievalChess.Application.csproj", "{C5B48C81-E51A-4731-8BC1-BA2607F34AEA}"
EndProject
Project("{FAE04EC0-301F-11D3-BF4B-00C04F79EFBC}") = "MedievalChess.Infrastructure", "src\MedievalChess.Infrastructure\MedievalChess.Infrastructure.csproj", "{DCFE0F23-DE64-4817-91ED-33AA4C574248}"
EndProject
Project("{2150E333-8FDC-42A3-9474-1A3956D46DE8}") = "tests", "tests", "{0AB3BF05-4346-4AA6-1389-037BE0695223}"
EndProject
Project("{FAE04EC0-301F-11D3-BF4B-00C04F79EFBC}") = "MedievalChess.Engine.Tests", "tests\MedievalChess.Engine.Tests\MedievalChess.Engine.Tests.csproj", "{014E2A09-933E-4907-8F73-9C84087B66F9}"
EndProject
Global
	GlobalSection(SolutionConfigurationPlatforms) = preSolution
		Debug|Any CPU = Debug|Any CPU
		Debug|x64 = Debug|x64
		Debug|x86 = Debug|x86
		Release|Any CPU = Release|Any CPU
		Release|x64 = Release|x64
		Release|x86 = Release|x86
	EndGlobalSection
	GlobalSection(ProjectConfigurationPlatforms) = postSolution
		{20B49F31-5651-4A8A-AF2D-F842AAE990B1}.Debug|Any CPU.ActiveCfg = Debug|Any CPU
		{20B49F31-5651-4A8A-AF2D-F842AAE990B1}.Debug|Any CPU.Build.0 = Debug|Any CPU
		{20B49F31-5651-4A8A-AF2D-F842AAE990B1}.Debug|x64.ActiveCfg = Debug|Any CPU
		{20B49F31-5651-4A8A-AF2D-F842AAE990B1}.Debug|x64.Build.0 = Debug|Any CPU
		{20B49F31-5651-4A8A-AF2D-F842AAE990B1}.Debug|x86.ActiveCfg = Debug|Any CPU
		{20B49F31-5651-4A8A-AF2D-F842AAE990B1}.Debug|x86.Build.0 = Debug|Any CPU
		{20B49F31-5651-4A8A-AF2D-F842AAE990B1}.Release|Any CPU.ActiveCfg = Release|Any CPU
		{20B49F31-5651-4A8A-AF2D-F842AAE990B1}.Release|Any CPU.Build.0 = Release|Any CPU
		{20B49F31-5651-4A8A-AF2D-F842AAE990B1}.Release|x64.ActiveCfg = Release|Any CPU
		{20B49F31-5651-4A8A-AF2D-F842AAE990B1}.Release|x64.Build.0 = Release|Any CPU
		{20B49F31-5651-4A8A-AF2D-F842AAE990B1}.Release|x86.ActiveCfg = Release|Any CPU
		{20B49F31-5651-4A8A-AF2D-F842AAE990B1}.Release|x86.Build.0 = Release|Any CPU
		{9E342D11-C783-420A-B71B-8A46F34C86FE}.Debug|Any CPU.ActiveCfg = Debug|Any CPU
		{9E342D11-C783-420A-B71B-8A46F34C86FE}.Debug|Any CPU.Build.0 = Debug|Any CPU
		{9E342D11-C783-420A-B71B-8A46F34C86FE}.Debug|x64.ActiveCfg = Debug|Any CPU
		{9E342D11-C783-420A-B71B-8A46F34C86FE}.Debug|x64.Build.0 = Debug|Any CPU
		{9E342D11-C783-420A-B71B-8A46F34C86FE}.Debug|x86.ActiveCfg = Debug|Any CPU
		{9E342D11-C783-420A-B71B-8A46F34C86FE}.Debug|x86.Build.0 = Debug|Any CPU
		{9E342D11-C783-420A-B71B-8A46F34C86FE}.Release|Any CPU.ActiveCfg = Release|Any CPU
		{9E342D11-C783-420A-B71B-8A46F34C86FE}.Release|Any CPU.Build.0 = Release|Any CPU
		{9E342D11-C783-420A-B71B-8A46F34C86FE}.Release|x64.ActiveCfg = Release|Any CPU
		{9E342D11-C783-420A-B71B-8A46F34C86FE}.Release|x64.Build.0 = Release|Any CPU
		{9E342D11-C783-420A-B71B-8A46F34C86FE}.Release|x86.ActiveCfg = Release|Any CPU
		{9E342D11-C783-420A-B71B-8A46F34C86FE}.Release|x86.Build.0 = Release|Any CPU
		{A0165494-2A35-4114-8901-0F094335CA9F}.Debug|Any CPU.ActiveCfg = Debug|Any CPU
		{A0165494-2A35-4114-8901-0F094335CA9F}.Debug|Any CPU.Build.0 = Debug|Any CPU
		{A0165494-2A35-4114-8901-0F094335CA9F}.Debug|x64.ActiveCfg = Debug|Any CPU
		{A0165494-2A35-4114-8901-0F094335CA9F}.Debug|x64.Build.0 = Debug|Any CPU
		{A0165494-2A35-4114-8901-0F094335CA9F}.Debug|x86.ActiveCfg = Debug|Any CPU
		{A0165494-2A35-4114-8901-0F094335CA9F}.Debug|x86.Build.0 = Debug|Any CPU
		{A0165494-2A35-4114-8901-0F094335CA9F}.Release|Any CPU.ActiveCfg = Release|Any CPU
		{A0165494-2A35-4114-8901-0F094335CA9F}.Release|Any CPU.Build.0 = Release|Any CPU
		{A0165494-2A35-4114-8901-0F094335CA9F}.Release|x64.ActiveCfg = Release|Any CPU
		{A0165494-2A35-4114-8901-0F094335CA9F}.Release|x64.Build.0 = Release|Any CPU
		{A0165494-2A35-4114-8901-0F094335CA9F}.Release|x86.ActiveCfg = Release|Any CPU
		{A0165494-2A35-4114-8901-0F094335CA9F}.Release|x86.Build.0 = Release|Any CPU
		{C5B48C81-E51A-4731-8BC1-BA2607F34AEA}.Debug|Any CPU.ActiveCfg = Debug|Any CPU
		{C5B48C81-E51A-4731-8BC1-BA2607F34AEA}.Debug|Any CPU.Build.0 = Debug|Any CPU
		{C5B48C81-E51A-4731-8BC1-BA2607F34AEA}.Debug|x64.ActiveCfg = Debug|Any CPU
		{C5B48C81-E51A-4731-8BC1-BA2607F34AEA}.Debug|x64.Build.0 = Debug|Any CPU
		{C5B48C81-E51A-4731-8BC1-BA2607F34AEA}.Debug|x86.ActiveCfg = Debug|Any CPU
		{C5B48C81-E51A-4731-8BC1-BA2607F34AEA}.Debug|x86.Build.0 = Debug|Any CPU
		{C5B48C81-E51A-4731-8BC1-BA2607F34AEA}.Release|Any CPU.ActiveCfg = Release|Any CPU
		{C5B48C81-E51A-4731-8BC1-BA2607F34AEA}.Release|Any CPU.Build.0 = Release|Any CPU
		{C5B48C81-E51A-4731-8BC1-BA2607F34AEA}.Release|x64.ActiveCfg = Release|Any CPU
		{C5B48C81-E51A-4731-8BC1-BA2607F34AEA}.Release|x64.Build.0 = Release|Any CPU
		{C5B48C81-E51A-4731-8BC1-BA2607F34AEA}.Release|x86.ActiveCfg = Release|Any CPU
		{C5B48C81-E51A-4731-8BC1-BA2607F34AEA}.Release|x86.Build.0 = Release|Any CPU
		{DCFE0F23-DE64-4817-91ED-33AA4C574248}.Debug|Any CPU.ActiveCfg = Debug|Any CPU
		{DCFE0F23-DE64-4817-91ED-33AA4C574248}.Debug|Any CPU.Build.0 = Debug|Any CPU
		{DCFE0F23-DE64-4817-91ED-33AA4C574248}.Debug|x64.ActiveCfg = Debug|Any CPU
		{DCFE0F23-DE64-4817-91ED-33AA4C574248}.Debug|x64.Build.0 = Debug|Any CPU
		{DCFE0F23-DE64-4817-91ED-33AA4C574248}.Debug|x86.ActiveCfg = Debug|Any CPU
		{DCFE0F23-DE64-4817-91ED-33AA4C574248}.Debug|x86.Build.0 = Debug|Any CPU
		{DCFE0F23-DE64-4817-91ED-33AA4C574248}.Release|Any CPU.ActiveCfg = Release|Any CPU
		{DCFE0F23-DE64-4817-91ED-33AA4C574248}.Release|Any CPU.Build.0 = Release|Any CPU
		{DCFE0F23-DE64-4817-91ED-33AA4C574248}.Release|x64.ActiveCfg = Release|Any CPU
		{DCFE0F23-DE64-4817-91ED-33AA4C574248}.Release|x64.Build.0 = Release|Any CPU
		{DCFE0F23-DE64-4817-91ED-33AA4C574248}.Release|x86.ActiveCfg = Release|Any CPU
		{DCFE0F23-DE64-4817-91ED-33AA4C574248}.Release|x86.Build.0 = Release|Any CPU
		{014E2A09-933E-4907-8F73-9C84087B66F9}.Debug|Any CPU.ActiveCfg = Debug|Any CPU
		{014E2A09-933E-4907-8F73-9C84087B66F9}.Debug|Any CPU.Build.0 = Debug|Any CPU
		{014E2A09-933E-4907-8F73-9C84087B66F9}.Debug|x64.ActiveCfg = Debug|Any CPU
		{014E2A09-933E-4907-8F73-9C84087B66F9}.Debug|x64.Build.0 = Debug|Any CPU
		{014E2A09-933E-4907-8F73-9C84087B66F9}.Debug|x86.ActiveCfg = Debug|Any CPU
		{014E2A09-933E-4907-8F73-9C84087B66F9}.Debug|x86.Build.0 = Debug|Any CPU
		{014E2A09-933E-4907-8F73-9C84087B66F9}.Release|Any CPU.ActiveCfg = Release|Any CPU
		{014E2A09-933E-4907-8F73-9C84087B66F9}.Release|Any CPU.Build.0 = Release|Any CPU
		{014E2A09-933E-4907-8F73-9C84087B66F9}.Release|x64.ActiveCfg = Release|Any CPU
		{014E2A09-933E-4907-8F73-9C84087B66F9}.Release|x64.Build.0 = Release|Any CPU
		{014E2A09-933E-4907-8F73-9C84087B66F9}.Release|x86.ActiveCfg = Release|Any CPU
		{014E2A09-933E-4907-8F73-9C84087B66F9}.Release|x86.Build.0 = Release|Any CPU
	EndGlobalSection
	GlobalSection(SolutionProperties) = preSolution
		HideSolutionNode = FALSE
	EndGlobalSection
	GlobalSection(NestedProjects) = preSolution
		{20B49F31-5651-4A8A-AF2D-F842AAE990B1} = {827E0CD3-B72D-47B6-A68D-7590B98EB39B}
		{9E342D11-C783-420A-B71B-8A46F34C86FE} = {827E0CD3-B72D-47B6-A68D-7590B98EB39B}
		{A0165494-2A35-4114-8901-0F094335CA9F} = {827E0CD3-B72D-47B6-A68D-7590B98EB39B}
		{C5B48C81-E51A-4731-8BC1-BA2607F34AEA} = {827E0CD3-B72D-47B6-A68D-7590B98EB39B}
		{DCFE0F23-DE64-4817-91ED-33AA4C574248} = {827E0CD3-B72D-47B6-A68D-7590B98EB39B}
		{014E2A09-933E-4907-8F73-9C84087B66F9} = {0AB3BF05-4346-4AA6-1389-037BE0695223}
	EndGlobalSection
EndGlobal
